
Microsoft Visual Studio Solution File, Format Version 12.00
# Visual Studio Version 16
VisualStudioVersion = 16.0.31105.61
MinimumVisualStudioVersion = 10.0.40219.1
Project("{FAE04EC0-301F-11D3-BF4B-00C04F79EFBC}") = "Delegate", "Delegate\Delegate.csproj", "{DE1D54DF-5C7A-4387-81A6-CAFA16829CC1}"
EndProject
Project("{2150E333-8FDC-42A3-9474-1A3956D46DE8}") = "SolutionItems", "SolutionItems", "{2FC6B9CF-E685-407C-9811-B0D5F7671312}"
	ProjectSection(SolutionItems) = preProject
		settings.ruleset = settings.ruleset
		stylecop.json = stylecop.json
	EndProjectSection
EndProject
Global
	GlobalSection(SolutionConfigurationPlatforms) = preSolution
		Debug|Any CPU = Debug|Any CPU
		Release|Any CPU = Release|Any CPU
	EndGlobalSection
	GlobalSection(ProjectConfigurationPlatforms) = postSolution
		{DE1D54DF-5C7A-4387-81A6-CAFA16829CC1}.Debug|Any CPU.ActiveCfg = Debug|Any CPU
		{DE1D54DF-5C7A-4387-81A6-CAFA16829CC1}.Debug|Any CPU.Build.0 = Debug|Any CPU
		{DE1D54DF-5C7A-4387-81A6-CAFA16829CC1}.Release|Any CPU.ActiveCfg = Release|Any CPU
		{DE1D54DF-5C7A-4387-81A6-CAFA16829CC1}.Release|Any CPU.Build.0 = Release|Any CPU
	EndGlobalSection
	GlobalSection(SolutionProperties) = preSolution
		HideSolutionNode = FALSE
	EndGlobalSection
	GlobalSection(ExtensibilityGlobals) = postSolution
		SolutionGuid = {FB7708CE-945A-40EE-B2F4-078649B5698B}
	EndGlobalSection
EndGlobal
